# THIS IS AN AUTOGENERATED FILE. DO NOT EDIT THIS FILE DIRECTLY.
# yarn lockfile v1


node-fetch@^2.6.1:
  version "2.6.1"
  resolved "https://registry.yarnpkg.com/node-fetch/-/node-fetch-2.6.1.tgz#045bd323631f76ed2e2b55573394416b639a0052"
  integrity sha512-V4aYg89jEoVRxRb2fJdAg8FHvI7cEyYdVAh94HH0UIK8oJxUfkjlDQN9RbMx+bEjP7+ggMiFRprSti032Oipxw==

workerpool@^6.1.0:
  version "6.1.0"
  resolved "https://registry.yarnpkg.com/workerpool/-/workerpool-6.1.0.tgz#a8e038b4c94569596852de7a8ea4228eefdeb37b"
  integrity sha512-toV7q9rWNYha963Pl/qyeZ6wG+3nnsyvolaNUS8+R5Wtw6qJPTxIlOP1ZSvcGhEJw+l3HMMmtiNo9Gl61G4GVg==
